
Microsoft Visual Studio Solution File, Format Version 12.00
# Visual Studio Version 17
VisualStudioVersion = 17.13.35919.96
MinimumVisualStudioVersion = 10.0.40219.1
Project("{FAE04EC0-301F-11D3-BF4B-00C04F79EFBC}") = "AobaV2", "AobaV2\AobaV2.csproj", "{A97400AB-4B57-4074-9A31-8D46A305E633}"
EndProject
Project("{FAE04EC0-301F-11D3-BF4B-00C04F79EFBC}") = "AobaCore", "AobaCore\AobaCore.csproj", "{65EEC037-E845-471D-A838-BEEADF781C17}"
EndProject
Global
	GlobalSection(SolutionConfigurationPlatforms) = preSolution
		Debug|Any CPU = Debug|Any CPU
		Release|Any CPU = Release|Any CPU
	EndGlobalSection
	GlobalSection(ProjectConfigurationPlatforms) = postSolution
		{A97400AB-4B57-4074-9A31-8D46A305E633}.Debug|Any CPU.ActiveCfg = Debug|Any CPU
		{A97400AB-4B57-4074-9A31-8D46A305E633}.Debug|Any CPU.Build.0 = Debug|Any CPU
		{A97400AB-4B57-4074-9A31-8D46A305E633}.Release|Any CPU.ActiveCfg = Release|Any CPU
		{A97400AB-4B57-4074-9A31-8D46A305E633}.Release|Any CPU.Build.0 = Release|Any CPU
		{65EEC037-E845-471D-A838-BEEADF781C17}.Debug|Any CPU.ActiveCfg = Debug|Any CPU
		{65EEC037-E845-471D-A838-BEEADF781C17}.Debug|Any CPU.Build.0 = Debug|Any CPU
		{65EEC037-E845-471D-A838-BEEADF781C17}.Release|Any CPU.ActiveCfg = Release|Any CPU
		{65EEC037-E845-471D-A838-BEEADF781C17}.Release|Any CPU.Build.0 = Release|Any CPU
	EndGlobalSection
	GlobalSection(SolutionProperties) = preSolution
		HideSolutionNode = FALSE
	EndGlobalSection
	GlobalSection(ExtensibilityGlobals) = postSolution
		SolutionGuid = {B51CD9E1-22BE-4CDB-82A8-4C6027687C60}
	EndGlobalSection
EndGlobal
